// !$*UTF8*$!
{
	archiveVersion = 1;
	classes = {
	};
	objectVersion = 46;
	objects = {

/* Begin PBXBuildFile section */
		4B1B9E5F1DB56ACA00CF0A63 /* Photo.swift in Sources */ = {isa = PBXBuildFile; fileRef = 4B1B9E5E1DB56ACA00CF0A63 /* Photo.swift */; };
		4B1B9E831DB5C82100CF0A63 /* PhotoManager.swift in Sources */ = {isa = PBXBuildFile; fileRef = 4B1B9E821DB5C82100CF0A63 /* PhotoManager.swift */; };
		4B1D2C001DB29BF70032822D /* API.swift in Sources */ = {isa = PBXBuildFile; fileRef = 4B1D2BFF1DB29BF70032822D /* API.swift */; };
		4B3592401DE637A9006D9E02 /* Images.xcassets in Resources */ = {isa = PBXBuildFile; fileRef = 4B35923F1DE637A9006D9E02 /* Images.xcassets */; };
		4B44AE581DA9E1CE00CE8448 /* AppDelegate.swift in Sources */ = {isa = PBXBuildFile; fileRef = 4B44AE571DA9E1CE00CE8448 /* AppDelegate.swift */; };
		4B44AE621DA9E1CE00CE8448 /* LaunchScreen.storyboard in Resources */ = {isa = PBXBuildFile; fileRef = 4B44AE601DA9E1CE00CE8448 /* LaunchScreen.storyboard */; };
		4B44AE6A1DA9E6DA00CE8448 /* RobotViewController.swift in Sources */ = {isa = PBXBuildFile; fileRef = 4B44AE691DA9E6DA00CE8448 /* RobotViewController.swift */; };
		4B5C6DCB1DD278CE00C70610 /* HomeViewController.swift in Sources */ = {isa = PBXBuildFile; fileRef = 4B5C6DCA1DD278CE00C70610 /* HomeViewController.swift */; };
		4B5C6DCD1DD27C6100C70610 /* LoginViewController.swift in Sources */ = {isa = PBXBuildFile; fileRef = 4B5C6DCC1DD27C6100C70610 /* LoginViewController.swift */; };
		4B5C6DCF1DD27E3A00C70610 /* RegisterViewController.swift in Sources */ = {isa = PBXBuildFile; fileRef = 4B5C6DCE1DD27E3A00C70610 /* RegisterViewController.swift */; };
		4BA2C4051DDBC1050079E0FF /* Main.storyboard in Resources */ = {isa = PBXBuildFile; fileRef = 4BA2C4031DDBC1050079E0FF /* Main.storyboard */; };
		4BEE27681DDED9D9009328A1 /* PromoViewController.swift in Sources */ = {isa = PBXBuildFile; fileRef = 4BEE27671DDED9D9009328A1 /* PromoViewController.swift */; };
/* End PBXBuildFile section */

/* Begin PBXFileReference section */
		4B1567701DDFAED2009B8578 /* PromoViewController.swift */ = {isa = PBXFileReference; fileEncoding = 4; lastKnownFileType = sourcecode.swift; path = PromoViewController.swift; sourceTree = "<group>"; };
		4B1B9E5E1DB56ACA00CF0A63 /* Photo.swift */ = {isa = PBXFileReference; fileEncoding = 4; lastKnownFileType = sourcecode.swift; path = Photo.swift; sourceTree = "<group>"; };
		4B1B9E821DB5C82100CF0A63 /* PhotoManager.swift */ = {isa = PBXFileReference; fileEncoding = 4; lastKnownFileType = sourcecode.swift; path = PhotoManager.swift; sourceTree = "<group>"; };
		4B1D2BFF1DB29BF70032822D /* API.swift */ = {isa = PBXFileReference; fileEncoding = 4; lastKnownFileType = sourcecode.swift; path = API.swift; sourceTree = "<group>"; };
		4B35923F1DE637A9006D9E02 /* Images.xcassets */ = {isa = PBXFileReference; lastKnownFileType = folder.assetcatalog; path = Images.xcassets; sourceTree = "<group>"; };
		4B44AE541DA9E1CE00CE8448 /* RobotPets.app */ = {isa = PBXFileReference; explicitFileType = wrapper.application; includeInIndex = 0; path = RobotPets.app; sourceTree = BUILT_PRODUCTS_DIR; };
		4B44AE571DA9E1CE00CE8448 /* AppDelegate.swift */ = {isa = PBXFileReference; lastKnownFileType = sourcecode.swift; path = AppDelegate.swift; sourceTree = "<group>"; };
		4B44AE611DA9E1CE00CE8448 /* Base */ = {isa = PBXFileReference; lastKnownFileType = file.storyboard; name = Base; path = Base.lproj/LaunchScreen.storyboard; sourceTree = "<group>"; };
		4B44AE631DA9E1CE00CE8448 /* Info.plist */ = {isa = PBXFileReference; lastKnownFileType = text.plist.xml; path = Info.plist; sourceTree = "<group>"; };
		4B44AE691DA9E6DA00CE8448 /* RobotViewController.swift */ = {isa = PBXFileReference; fileEncoding = 4; lastKnownFileType = sourcecode.swift; path = RobotViewController.swift; sourceTree = "<group>"; };
		4B5C6DCA1DD278CE00C70610 /* HomeViewController.swift */ = {isa = PBXFileReference; fileEncoding = 4; lastKnownFileType = sourcecode.swift; path = HomeViewController.swift; sourceTree = "<group>"; };
		4B5C6DCC1DD27C6100C70610 /* LoginViewController.swift */ = {isa = PBXFileReference; fileEncoding = 4; lastKnownFileType = sourcecode.swift; path = LoginViewController.swift; sourceTree = "<group>"; };
		4B5C6DCE1DD27E3A00C70610 /* RegisterViewController.swift */ = {isa = PBXFileReference; fileEncoding = 4; lastKnownFileType = sourcecode.swift; path = RegisterViewController.swift; sourceTree = "<group>"; };
		4BA2C4041DDBC1050079E0FF /* Base */ = {isa = PBXFileReference; lastKnownFileType = file.storyboard; name = Base; path = Base.lproj/Main.storyboard; sourceTree = "<group>"; };
		4BEE27671DDED9D9009328A1 /* PromoViewController.swift */ = {isa = PBXFileReference; fileEncoding = 4; lastKnownFileType = sourcecode.swift; path = PromoViewController.swift; sourceTree = "<group>"; };
/* End PBXFileReference section */

/* Begin PBXFrameworksBuildPhase section */
		4B44AE511DA9E1CE00CE8448 /* Frameworks */ = {
			isa = PBXFrameworksBuildPhase;
			buildActionMask = 2147483647;
			files = (
			);
			runOnlyForDeploymentPostprocessing = 0;
		};
/* End PBXFrameworksBuildPhase section */

/* Begin PBXGroup section */
		4B44AE4B1DA9E1CE00CE8448 = {
			isa = PBXGroup;
			children = (
				4B44AE561DA9E1CE00CE8448 /* RobotPets */,
				4B44AE551DA9E1CE00CE8448 /* Products */,
			);
			sourceTree = "<group>";
		};
		4B44AE551DA9E1CE00CE8448 /* Products */ = {
			isa = PBXGroup;
			children = (
				4B44AE541DA9E1CE00CE8448 /* RobotPets.app */,
			);
			name = Products;
			sourceTree = "<group>";
		};
		4B44AE561DA9E1CE00CE8448 /* RobotPets */ = {
			isa = PBXGroup;
			children = (
				4B35923F1DE637A9006D9E02 /* Images.xcassets */,
				4BA2C4031DDBC1050079E0FF /* Main.storyboard */,
				4B1567701DDFAED2009B8578 /* PromoViewController.swift */,
				4B5C6DCC1DD27C6100C70610 /* LoginViewController.swift */,
				4B5C6DCE1DD27E3A00C70610 /* RegisterViewController.swift */,
				4B44AE631DA9E1CE00CE8448 /* Info.plist */,
				4B44AE571DA9E1CE00CE8448 /* AppDelegate.swift */,
				4B1B9E5E1DB56ACA00CF0A63 /* Photo.swift */,
				4B1B9E821DB5C82100CF0A63 /* PhotoManager.swift */,
				4B1D2BFF1DB29BF70032822D /* API.swift */,
				4B44AE691DA9E6DA00CE8448 /* RobotViewController.swift */,
				4B44AE601DA9E1CE00CE8448 /* LaunchScreen.storyboard */,
				4B5C6DCA1DD278CE00C70610 /* HomeViewController.swift */,
				4BEE27671DDED9D9009328A1 /* PromoViewController.swift */,
			);
			path = RobotPets;
			sourceTree = "<group>";
		};
/* End PBXGroup section */

/* Begin PBXNativeTarget section */
		4B44AE531DA9E1CE00CE8448 /* RobotPets */ = {
			isa = PBXNativeTarget;
			buildConfigurationList = 4B44AE661DA9E1CE00CE8448 /* Build configuration list for PBXNativeTarget "RobotPets" */;
			buildPhases = (
				4B44AE501DA9E1CE00CE8448 /* Sources */,
				4B44AE511DA9E1CE00CE8448 /* Frameworks */,
				4B44AE521DA9E1CE00CE8448 /* Resources */,
			);
			buildRules = (
			);
			dependencies = (
			);
			name = RobotPets;
			productName = RobotPets;
			productReference = 4B44AE541DA9E1CE00CE8448 /* RobotPets.app */;
			productType = "com.apple.product-type.application";
		};
/* End PBXNativeTarget section */

/* Begin PBXProject section */
		4B44AE4C1DA9E1CE00CE8448 /* Project object */ = {
			isa = PBXProject;
			attributes = {
				LastSwiftUpdateCheck = 0800;
				LastUpgradeCheck = 0810;
				ORGANIZATIONNAME = Shellzie;
				TargetAttributes = {
					4B44AE531DA9E1CE00CE8448 = {
						CreatedOnToolsVersion = 8.0;
						DevelopmentTeam = V6PM43XUVK;
						LastSwiftMigration = 0800;
						ProvisioningStyle = Automatic;
					};
				};
			};
			buildConfigurationList = 4B44AE4F1DA9E1CE00CE8448 /* Build configuration list for PBXProject "RobotPets" */;
			compatibilityVersion = "Xcode 3.2";
			developmentRegion = English;
			hasScannedForEncodings = 0;
			knownRegions = (
				en,
				Base,
			);
			mainGroup = 4B44AE4B1DA9E1CE00CE8448;
			productRefGroup = 4B44AE551DA9E1CE00CE8448 /* Products */;
			projectDirPath = "";
			projectRoot = "";
			targets = (
				4B44AE531DA9E1CE00CE8448 /* RobotPets */,
			);
		};
/* End PBXProject section */

/* Begin PBXResourcesBuildPhase section */
		4B44AE521DA9E1CE00CE8448 /* Resources */ = {
			isa = PBXResourcesBuildPhase;
			buildActionMask = 2147483647;
			files = (
				4B3592401DE637A9006D9E02 /* Images.xcassets in Resources */,
				4BA2C4051DDBC1050079E0FF /* Main.storyboard in Resources */,
				4B44AE621DA9E1CE00CE8448 /* LaunchScreen.storyboard in Resources */,
			);
			runOnlyForDeploymentPostprocessing = 0;
		};
/* End PBXResourcesBuildPhase section */

/* Begin PBXSourcesBuildPhase section */
		4B44AE501DA9E1CE00CE8448 /* Sources */ = {
			isa = PBXSourcesBuildPhase;
			buildActionMask = 2147483647;
			files = (
				4B5C6DCD1DD27C6100C70610 /* LoginViewController.swift in Sources */,
				4B5C6DCB1DD278CE00C70610 /* HomeViewController.swift in Sources */,
				4B1B9E831DB5C82100CF0A63 /* PhotoManager.swift in Sources */,
				4B5C6DCF1DD27E3A00C70610 /* RegisterViewController.swift in Sources */,
				4B1B9E5F1DB56ACA00CF0A63 /* Photo.swift in Sources */,
				4B44AE581DA9E1CE00CE8448 /* AppDelegate.swift in Sources */,
				4B1D2C001DB29BF70032822D /* API.swift in Sources */,
				4B44AE6A1DA9E6DA00CE8448 /* RobotViewController.swift in Sources */,
				4BEE27681DDED9D9009328A1 /* PromoViewController.swift in Sources */,
			);
			runOnlyForDeploymentPostprocessing = 0;
		};
/* End PBXSourcesBuildPhase section */

/* Begin PBXVariantGroup section */
		4B44AE601DA9E1CE00CE8448 /* LaunchScreen.storyboard */ = {
			isa = PBXVariantGroup;
			children = (
				4B44AE611DA9E1CE00CE8448 /* Base */,
			);
			name = LaunchScreen.storyboard;
			sourceTree = "<group>";
		};
		4BA2C4031DDBC1050079E0FF /* Main.storyboard */ = {
			isa = PBXVariantGroup;
			children = (
				4BA2C4041DDBC1050079E0FF /* Base */,
			);
			name = Main.storyboard;
			sourceTree = "<group>";
		};
/* End PBXVariantGroup section */

/* Begin XCBuildConfiguration section */
		4B44AE641DA9E1CE00CE8448 /* Debug */ = {
			isa = XCBuildConfiguration;
			buildSettings = {
				ALWAYS_SEARCH_USER_PATHS = NO;
				CLANG_ANALYZER_NONNULL = YES;
				CLANG_CXX_LANGUAGE_STANDARD = "gnu++0x";
				CLANG_CXX_LIBRARY = "libc++";
				CLANG_ENABLE_MODULES = YES;
				CLANG_ENABLE_OBJC_ARC = YES;
				CLANG_WARN_BOOL_CONVERSION = YES;
				CLANG_WARN_CONSTANT_CONVERSION = YES;
				CLANG_WARN_DIRECT_OBJC_ISA_USAGE = YES_ERROR;
				CLANG_WARN_DOCUMENTATION_COMMENTS = YES;
				CLANG_WARN_EMPTY_BODY = YES;
				CLANG_WARN_ENUM_CONVERSION = YES;
				CLANG_WARN_INFINITE_RECURSION = YES;
				CLANG_WARN_INT_CONVERSION = YES;
				CLANG_WARN_OBJC_ROOT_CLASS = YES_ERROR;
				CLANG_WARN_SUSPICIOUS_MOVE = YES;
				CLANG_WARN_SUSPICIOUS_MOVES = YES;
				CLANG_WARN_UNREACHABLE_CODE = YES;
				CLANG_WARN__DUPLICATE_METHOD_MATCH = YES;
				CODE_SIGN_IDENTITY = "iPhone Developer: michelle kam (QNAPBHRT9Y)";
				"CODE_SIGN_IDENTITY[sdk=iphoneos*]" = "iPhone Developer: michelle kam (QNAPBHRT9Y)";
				COPY_PHASE_STRIP = NO;
				DEBUG_INFORMATION_FORMAT = dwarf;
				DEVELOPMENT_TEAM = 5UW5KVRKHY;
				ENABLE_STRICT_OBJC_MSGSEND = YES;
				ENABLE_TESTABILITY = YES;
				GCC_C_LANGUAGE_STANDARD = gnu99;
				GCC_DYNAMIC_NO_PIC = NO;
				GCC_NO_COMMON_BLOCKS = YES;
				GCC_OPTIMIZATION_LEVEL = 0;
				GCC_PREPROCESSOR_DEFINITIONS = (
					"DEBUG=1",
					"$(inherited)",
				);
				GCC_WARN_64_TO_32_BIT_CONVERSION = YES;
				GCC_WARN_ABOUT_RETURN_TYPE = YES_ERROR;
				GCC_WARN_UNDECLARED_SELECTOR = YES;
				GCC_WARN_UNINITIALIZED_AUTOS = YES_AGGRESSIVE;
				GCC_WARN_UNUSED_FUNCTION = YES;
				GCC_WARN_UNUSED_VARIABLE = YES;
				IPHONEOS_DEPLOYMENT_TARGET = 10.0;
				MTL_ENABLE_DEBUG_INFO = YES;
				ONLY_ACTIVE_ARCH = YES;
				SDKROOT = iphoneos;
				SWIFT_ACTIVE_COMPILATION_CONDITIONS = DEBUG;
				SWIFT_OPTIMIZATION_LEVEL = "-Onone";
				TARGETED_DEVICE_FAMILY = "1,2";
			};
			name = Debug;
		};
		4B44AE651DA9E1CE00CE8448 /* Release */ = {
			isa = XCBuildConfiguration;
			buildSettings = {
				ALWAYS_SEARCH_USER_PATHS = NO;
				CLANG_ANALYZER_NONNULL = YES;
				CLANG_CXX_LANGUAGE_STANDARD = "gnu++0x";
				CLANG_CXX_LIBRARY = "libc++";
				CLANG_ENABLE_MODULES = YES;
				CLANG_ENABLE_OBJC_ARC = YES;
				CLANG_WARN_BOOL_CONVERSION = YES;
				CLANG_WARN_CONSTANT_CONVERSION = YES;
				CLANG_WARN_DIRECT_OBJC_ISA_USAGE = YES_ERROR;
				CLANG_WARN_DOCUMENTATION_COMMENTS = YES;
				CLANG_WARN_EMPTY_BODY = YES;
				CLANG_WARN_ENUM_CONVERSION = YES;
				CLANG_WARN_INFINITE_RECURSION = YES;
				CLANG_WARN_INT_CONVERSION = YES;
				CLANG_WARN_OBJC_ROOT_CLASS = YES_ERROR;
				CLANG_WARN_SUSPICIOUS_MOVE = YES;
				CLANG_WARN_SUSPICIOUS_MOVES = YES;
				CLANG_WARN_UNREACHABLE_CODE = YES;
				CLANG_WARN__DUPLICATE_METHOD_MATCH = YES;
				CODE_SIGN_IDENTITY = "iPhone Distribution: michelle kam (V6PM43XUVK)";
				"CODE_SIGN_IDENTITY[sdk=iphoneos*]" = "iPhone Developer: michelle kam (QNAPBHRT9Y)";
				COPY_PHASE_STRIP = NO;
				DEBUG_INFORMATION_FORMAT = "dwarf-with-dsym";
				DEVELOPMENT_TEAM = 5UW5KVRKHY;
				ENABLE_NS_ASSERTIONS = NO;
				ENABLE_STRICT_OBJC_MSGSEND = YES;
				GCC_C_LANGUAGE_STANDARD = gnu99;
				GCC_NO_COMMON_BLOCKS = YES;
				GCC_WARN_64_TO_32_BIT_CONVERSION = YES;
				GCC_WARN_ABOUT_RETURN_TYPE = YES_ERROR;
				GCC_WARN_UNDECLARED_SELECTOR = YES;
				GCC_WARN_UNINITIALIZED_AUTOS = YES_AGGRESSIVE;
				GCC_WARN_UNUSED_FUNCTION = YES;
				GCC_WARN_UNUSED_VARIABLE = YES;
				IPHONEOS_DEPLOYMENT_TARGET = 10.0;
				MTL_ENABLE_DEBUG_INFO = NO;
				SDKROOT = iphoneos;
				SWIFT_OPTIMIZATION_LEVEL = "-Owholemodule";
				TARGETED_DEVICE_FAMILY = "1,2";
				VALIDATE_PRODUCT = YES;
			};
			name = Release;
		};
		4B44AE671DA9E1CE00CE8448 /* Debug */ = {
			isa = XCBuildConfiguration;
			buildSettings = {
				ASSETCATALOG_COMPILER_APPICON_NAME = AppIcon;
				CODE_SIGN_IDENTITY = "iPhone Developer: michelle kam (QNAPBHRT9Y)";
				"CODE_SIGN_IDENTITY[sdk=iphoneos*]" = "iPhone Developer";
				DEVELOPMENT_TEAM = V6PM43XUVK;
				INFOPLIST_FILE = RobotPets/Info.plist;
				IPHONEOS_DEPLOYMENT_TARGET = 10.0;
				LD_RUNPATH_SEARCH_PATHS = "$(inherited) @executable_path/Frameworks";
				PRODUCT_BUNDLE_IDENTIFIER = com.shellzie.RobotPet;
				PRODUCT_NAME = "$(TARGET_NAME)";
				PROVISIONING_PROFILE = "";
				PROVISIONING_PROFILE_SPECIFIER = "";
				SWIFT_VERSION = 3.0;
			};
			name = Debug;
		};
		4B44AE681DA9E1CE00CE8448 /* Release */ = {
			isa = XCBuildConfiguration;
			buildSettings = {
				ASSETCATALOG_COMPILER_APPICON_NAME = AppIcon;
				CODE_SIGN_IDENTITY = "iPhone Distribution: michelle kam (V6PM43XUVK)";
				"CODE_SIGN_IDENTITY[sdk=iphoneos*]" = "iPhone Developer";
				DEVELOPMENT_TEAM = V6PM43XUVK;
				INFOPLIST_FILE = RobotPets/Info.plist;
				IPHONEOS_DEPLOYMENT_TARGET = 10.0;
				LD_RUNPATH_SEARCH_PATHS = "$(inherited) @executable_path/Frameworks";
				PRODUCT_BUNDLE_IDENTIFIER = com.shellzie.RobotPet;
				PRODUCT_NAME = "$(TARGET_NAME)";
				PROVISIONING_PROFILE = "";
				PROVISIONING_PROFILE_SPECIFIER = "";
				SWIFT_VERSION = 3.0;
			};
			name = Release;
		};
/* End XCBuildConfiguration section */

/* Begin XCConfigurationList section */
		4B44AE4F1DA9E1CE00CE8448 /* Build configuration list for PBXProject "RobotPets" */ = {
			isa = XCConfigurationList;
			buildConfigurations = (
				4B44AE641DA9E1CE00CE8448 /* Debug */,
				4B44AE651DA9E1CE00CE8448 /* Release */,
			);
			defaultConfigurationIsVisible = 0;
			defaultConfigurationName = Release;
		};
		4B44AE661DA9E1CE00CE8448 /* Build configuration list for PBXNativeTarget "RobotPets" */ = {
			isa = XCConfigurationList;
			buildConfigurations = (
				4B44AE671DA9E1CE00CE8448 /* Debug */,
				4B44AE681DA9E1CE00CE8448 /* Release */,
			);
			defaultConfigurationIsVisible = 0;
			defaultConfigurationName = Release;
		};
/* End XCConfigurationList section */
	};
	rootObject = 4B44AE4C1DA9E1CE00CE8448 /* Project object */;
}
